// !$*UTF8*$!
{
	archiveVersion = 1;
	classes = {
	};
	objectVersion = 46;
	objects = {

/* Begin PBXBuildFile section */
		CA071BF21CFEB4ED00316259 /* AppDelegate.swift in Sources */ = {isa = PBXBuildFile; fileRef = CA071BF11CFEB4ED00316259 /* AppDelegate.swift */; };
		CA071BF41CFEB4ED00316259 /* ViewController.swift in Sources */ = {isa = PBXBuildFile; fileRef = CA071BF31CFEB4ED00316259 /* ViewController.swift */; };
		CA071BF71CFEB4ED00316259 /* Main.storyboard in Resources */ = {isa = PBXBuildFile; fileRef = CA071BF51CFEB4ED00316259 /* Main.storyboard */; };
		CA071BF91CFEB4ED00316259 /* Assets.xcassets in Resources */ = {isa = PBXBuildFile; fileRef = CA071BF81CFEB4ED00316259 /* Assets.xcassets */; };
		CA071BFC1CFEB4ED00316259 /* LaunchScreen.storyboard in Resources */ = {isa = PBXBuildFile; fileRef = CA071BFA1CFEB4ED00316259 /* LaunchScreen.storyboard */; };
		CA071C041CFEBFBC00316259 /* MyTableViewController.swift in Sources */ = {isa = PBXBuildFile; fileRef = CA071C031CFEBFBC00316259 /* MyTableViewController.swift */; };
/* End PBXBuildFile section */

/* Begin PBXFileReference section */
		CA071BEE1CFEB4ED00316259 /* TableViewTest.app */ = {isa = PBXFileReference; explicitFileType = wrapper.application; includeInIndex = 0; path = TableViewTest.app; sourceTree = BUILT_PRODUCTS_DIR; };
		CA071BF11CFEB4ED00316259 /* AppDelegate.swift */ = {isa = PBXFileReference; lastKnownFileType = sourcecode.swift; path = AppDelegate.swift; sourceTree = "<group>"; };
		CA071BF31CFEB4ED00316259 /* ViewController.swift */ = {isa = PBXFileReference; lastKnownFileType = sourcecode.swift; path = ViewController.swift; sourceTree = "<group>"; };
		CA071BF61CFEB4ED00316259 /* Base */ = {isa = PBXFileReference; lastKnownFileType = file.storyboard; name = Base; path = Base.lproj/Main.storyboard; sourceTree = "<group>"; };
		CA071BF81CFEB4ED00316259 /* Assets.xcassets */ = {isa = PBXFileReference; lastKnownFileType = folder.assetcatalog; path = Assets.xcassets; sourceTree = "<group>"; };
		CA071BFB1CFEB4ED00316259 /* Base */ = {isa = PBXFileReference; lastKnownFileType = file.storyboard; name = Base; path = Base.lproj/LaunchScreen.storyboard; sourceTree = "<group>"; };
		CA071BFD1CFEB4ED00316259 /* Info.plist */ = {isa = PBXFileReference; lastKnownFileType = text.plist.xml; path = Info.plist; sourceTree = "<group>"; };
		CA071C031CFEBFBC00316259 /* MyTableViewController.swift */ = {isa = PBXFileReference; fileEncoding = 4; lastKnownFileType = sourcecode.swift; path = MyTableViewController.swift; sourceTree = "<group>"; };
/* End PBXFileReference section */

/* Begin PBXFrameworksBuildPhase section */
		CA071BEB1CFEB4ED00316259 /* Frameworks */ = {
			isa = PBXFrameworksBuildPhase;
			buildActionMask = 2147483647;
			files = (
			);
			runOnlyForDeploymentPostprocessing = 0;
		};
/* End PBXFrameworksBuildPhase section */

/* Begin PBXGroup section */
		CA071BE51CFEB4ED00316259 = {
			isa = PBXGroup;
			children = (
				CA071BF01CFEB4ED00316259 /* TableViewTest */,
				CA071BEF1CFEB4ED00316259 /* Products */,
			);
			sourceTree = "<group>";
		};
		CA071BEF1CFEB4ED00316259 /* Products */ = {
			isa = PBXGroup;
			children = (
				CA071BEE1CFEB4ED00316259 /* TableViewTest.app */,
			);
			name = Products;
			sourceTree = "<group>";
		};
		CA071BF01CFEB4ED00316259 /* TableViewTest */ = {
			isa = PBXGroup;
			children = (
				CA071BF11CFEB4ED00316259 /* AppDelegate.swift */,
				CA071BF31CFEB4ED00316259 /* ViewController.swift */,
				CA071C031CFEBFBC00316259 /* MyTableViewController.swift */,
				CA071BF51CFEB4ED00316259 /* Main.storyboard */,
				CA071BF81CFEB4ED00316259 /* Assets.xcassets */,
				CA071BFA1CFEB4ED00316259 /* LaunchScreen.storyboard */,
				CA071BFD1CFEB4ED00316259 /* Info.plist */,
			);
			path = TableViewTest;
			sourceTree = "<group>";
		};
/* End PBXGroup section */

/* Begin PBXNativeTarget section */
		CA071BED1CFEB4ED00316259 /* TableViewTest */ = {
			isa = PBXNativeTarget;
			buildConfigurationList = CA071C001CFEB4ED00316259 /* Build configuration list for PBXNativeTarget "TableViewTest" */;
			buildPhases = (
				CA071BEA1CFEB4ED00316259 /* Sources */,
				CA071BEB1CFEB4ED00316259 /* Frameworks */,
				CA071BEC1CFEB4ED00316259 /* Resources */,
			);
			buildRules = (
			);
			dependencies = (
			);
			name = TableViewTest;
			productName = TableViewTest;
			productReference = CA071BEE1CFEB4ED00316259 /* TableViewTest.app */;
			productType = "com.apple.product-type.application";
		};
/* End PBXNativeTarget section */

/* Begin PBXProject section */
		CA071BE61CFEB4ED00316259 /* Project object */ = {
			isa = PBXProject;
			attributes = {
				LastSwiftUpdateCheck = 0730;
				LastUpgradeCheck = 0730;
				ORGANIZATIONNAME = SDS;
				TargetAttributes = {
					CA071BED1CFEB4ED00316259 = {
						CreatedOnToolsVersion = 7.3;
					};
				};
			};
			buildConfigurationList = CA071BE91CFEB4ED00316259 /* Build configuration list for PBXProject "TableViewTest" */;
			compatibilityVersion = "Xcode 3.2";
			developmentRegion = English;
			hasScannedForEncodings = 0;
			knownRegions = (
				en,
				Base,
			);
			mainGroup = CA071BE51CFEB4ED00316259;
			productRefGroup = CA071BEF1CFEB4ED00316259 /* Products */;
			projectDirPath = "";
			projectRoot = "";
			targets = (
				CA071BED1CFEB4ED00316259 /* TableViewTest */,
			);
		};
/* End PBXProject section */

/* Begin PBXResourcesBuildPhase section */
		CA071BEC1CFEB4ED00316259 /* Resources */ = {
			isa = PBXResourcesBuildPhase;
			buildActionMask = 2147483647;
			files = (
				CA071BFC1CFEB4ED00316259 /* LaunchScreen.storyboard in Resources */,
				CA071BF91CFEB4ED00316259 /* Assets.xcassets in Resources */,
				CA071BF71CFEB4ED00316259 /* Main.storyboard in Resources */,
			);
			runOnlyForDeploymentPostprocessing = 0;
		};
/* End PBXResourcesBuildPhase section */

/* Begin PBXSourcesBuildPhase section */
		CA071BEA1CFEB4ED00316259 /* Sources */ = {
			isa = PBXSourcesBuildPhase;
			buildActionMask = 2147483647;
			files = (
				CA071BF41CFEB4ED00316259 /* ViewController.swift in Sources */,
				CA071C041CFEBFBC00316259 /* MyTableViewController.swift in Sources */,
				CA071BF21CFEB4ED00316259 /* AppDelegate.swift in Sources */,
			);
			runOnlyForDeploymentPostprocessing = 0;
		};
/* End PBXSourcesBuildPhase section */

/* Begin PBXVariantGroup section */
		CA071BF51CFEB4ED00316259 /* Main.storyboard */ = {
			isa = PBXVariantGroup;
			children = (
				CA071BF61CFEB4ED00316259 /* Base */,
			);
			name = Main.storyboard;
			sourceTree = "<group>";
		};
		CA071BFA1CFEB4ED00316259 /* LaunchScreen.storyboard */ = {
			isa = PBXVariantGroup;
			children = (
				CA071BFB1CFEB4ED00316259 /* Base */,
			);
			name = LaunchScreen.storyboard;
			sourceTree = "<group>";
		};
/* End PBXVariantGroup section */

/* Begin XCBuildConfiguration section */
		CA071BFE1CFEB4ED00316259 /* Debug */ = {
			isa = XCBuildConfiguration;
			buildSettings = {
				ALWAYS_SEARCH_USER_PATHS = NO;
				CLANG_ANALYZER_NONNULL = YES;
				CLANG_CXX_LANGUAGE_STANDARD = "gnu++0x";
				CLANG_CXX_LIBRARY = "libc++";
				CLANG_ENABLE_MODULES = YES;
				CLANG_ENABLE_OBJC_ARC = YES;
				CLANG_WARN_BOOL_CONVERSION = YES;
				CLANG_WARN_CONSTANT_CONVERSION = YES;
				CLANG_WARN_DIRECT_OBJC_ISA_USAGE = YES_ERROR;
				CLANG_WARN_EMPTY_BODY = YES;
				CLANG_WARN_ENUM_CONVERSION = YES;
				CLANG_WARN_INT_CONVERSION = YES;
				CLANG_WARN_OBJC_ROOT_CLASS = YES_ERROR;
				CLANG_WARN_UNREACHABLE_CODE = YES;
				CLANG_WARN__DUPLICATE_METHOD_MATCH = YES;
				"CODE_SIGN_IDENTITY[sdk=iphoneos*]" = "iPhone Developer";
				COPY_PHASE_STRIP = NO;
				DEBUG_INFORMATION_FORMAT = dwarf;
				ENABLE_STRICT_OBJC_MSGSEND = YES;
				ENABLE_TESTABILITY = YES;
				GCC_C_LANGUAGE_STANDARD = gnu99;
				GCC_DYNAMIC_NO_PIC = NO;
				GCC_NO_COMMON_BLOCKS = YES;
				GCC_OPTIMIZATION_LEVEL = 0;
				GCC_PREPROCESSOR_DEFINITIONS = (
					"DEBUG=1",
					"$(inherited)",
				);
				GCC_WARN_64_TO_32_BIT_CONVERSION = YES;
				GCC_WARN_ABOUT_RETURN_TYPE = YES_ERROR;
				GCC_WARN_UNDECLARED_SELECTOR = YES;
				GCC_WARN_UNINITIALIZED_AUTOS = YES_AGGRESSIVE;
				GCC_WARN_UNUSED_FUNCTION = YES;
				GCC_WARN_UNUSED_VARIABLE = YES;
				IPHONEOS_DEPLOYMENT_TARGET = 9.3;
				MTL_ENABLE_DEBUG_INFO = YES;
				ONLY_ACTIVE_ARCH = YES;
				SDKROOT = iphoneos;
				SWIFT_OPTIMIZATION_LEVEL = "-Onone";
			};
			name = Debug;
		};
		CA071BFF1CFEB4ED00316259 /* Release */ = {
			isa = XCBuildConfiguration;
			buildSettings = {
				ALWAYS_SEARCH_USER_PATHS = NO;
				CLANG_ANALYZER_NONNULL = YES;
				CLANG_CXX_LANGUAGE_STANDARD = "gnu++0x";
				CLANG_CXX_LIBRARY = "libc++";
				CLANG_ENABLE_MODULES = YES;
				CLANG_ENABLE_OBJC_ARC = YES;
				CLANG_WARN_BOOL_CONVERSION = YES;
				CLANG_WARN_CONSTANT_CONVERSION = YES;
				CLANG_WARN_DIRECT_OBJC_ISA_USAGE = YES_ERROR;
				CLANG_WARN_EMPTY_BODY = YES;
				CLANG_WARN_ENUM_CONVERSION = YES;
				CLANG_WARN_INT_CONVERSION = YES;
				CLANG_WARN_OBJC_ROOT_CLASS = YES_ERROR;
				CLANG_WARN_UNREACHABLE_CODE = YES;
				CLANG_WARN__DUPLICATE_METHOD_MATCH = YES;
				"CODE_SIGN_IDENTITY[sdk=iphoneos*]" = "iPhone Developer";
				COPY_PHASE_STRIP = NO;
				DEBUG_INFORMATION_FORMAT = "dwarf-with-dsym";
				ENABLE_NS_ASSERTIONS = NO;
				ENABLE_STRICT_OBJC_MSGSEND = YES;
				GCC_C_LANGUAGE_STANDARD = gnu99;
				GCC_NO_COMMON_BLOCKS = YES;
				GCC_WARN_64_TO_32_BIT_CONVERSION = YES;
				GCC_WARN_ABOUT_RETURN_TYPE = YES_ERROR;
				GCC_WARN_UNDECLARED_SELECTOR = YES;
				GCC_WARN_UNINITIALIZED_AUTOS = YES_AGGRESSIVE;
				GCC_WARN_UNUSED_FUNCTION = YES;
				GCC_WARN_UNUSED_VARIABLE = YES;
				IPHONEOS_DEPLOYMENT_TARGET = 9.3;
				MTL_ENABLE_DEBUG_INFO = NO;
				SDKROOT = iphoneos;
				VALIDATE_PRODUCT = YES;
			};
			name = Release;
		};
		CA071C011CFEB4ED00316259 /* Debug */ = {
			isa = XCBuildConfiguration;
			buildSettings = {
				ASSETCATALOG_COMPILER_APPICON_NAME = AppIcon;
				INFOPLIST_FILE = TableViewTest/Info.plist;
				LD_RUNPATH_SEARCH_PATHS = "$(inherited) @executable_path/Frameworks";
				PRODUCT_BUNDLE_IDENTIFIER = com.sds.TableViewTest;
				PRODUCT_NAME = "$(TARGET_NAME)";
			};
			name = Debug;
		};
		CA071C021CFEB4ED00316259 /* Release */ = {
			isa = XCBuildConfiguration;
			buildSettings = {
				ASSETCATALOG_COMPILER_APPICON_NAME = AppIcon;
				INFOPLIST_FILE = TableViewTest/Info.plist;
				LD_RUNPATH_SEARCH_PATHS = "$(inherited) @executable_path/Frameworks";
				PRODUCT_BUNDLE_IDENTIFIER = com.sds.TableViewTest;
				PRODUCT_NAME = "$(TARGET_NAME)";
			};
			name = Release;
		};
/* End XCBuildConfiguration section */

/* Begin XCConfigurationList section */
		CA071BE91CFEB4ED00316259 /* Build configuration list for PBXProject "TableViewTest" */ = {
			isa = XCConfigurationList;
			buildConfigurations = (
				CA071BFE1CFEB4ED00316259 /* Debug */,
				CA071BFF1CFEB4ED00316259 /* Release */,
			);
			defaultConfigurationIsVisible = 0;
			defaultConfigurationName = Release;
		};
		CA071C001CFEB4ED00316259 /* Build configuration list for PBXNativeTarget "TableViewTest" */ = {
			isa = XCConfigurationList;
			buildConfigurations = (
				CA071C011CFEB4ED00316259 /* Debug */,
				CA071C021CFEB4ED00316259 /* Release */,
			);
			defaultConfigurationIsVisible = 0;
		};
/* End XCConfigurationList section */
	};
	rootObject = CA071BE61CFEB4ED00316259 /* Project object */;
}
